
Microsoft Visual Studio Solution File, Format Version 12.00
# Visual Studio Version 17
VisualStudioVersion = 17.3.32922.545
MinimumVisualStudioVersion = 10.0.40219.1
Project("{FAE04EC0-301F-11D3-BF4B-00C04F79EFBC}") = "JetStreamServiceNoSqlAPI", "JetStreamServiceNoSqlAPI\JetStreamServiceNoSqlAPI.csproj", "{4E5F7601-2CF2-4176-A5B2-53E24CAB0AF5}"
EndProject
Global
	GlobalSection(SolutionConfigurationPlatforms) = preSolution
		Debug|Any CPU = Debug|Any CPU
		Release|Any CPU = Release|Any CPU
	EndGlobalSection
	GlobalSection(ProjectConfigurationPlatforms) = postSolution
		{4E5F7601-2CF2-4176-A5B2-53E24CAB0AF5}.Debug|Any CPU.ActiveCfg = Debug|Any CPU
		{4E5F7601-2CF2-4176-A5B2-53E24CAB0AF5}.Debug|Any CPU.Build.0 = Debug|Any CPU
		{4E5F7601-2CF2-4176-A5B2-53E24CAB0AF5}.Release|Any CPU.ActiveCfg = Release|Any CPU
		{4E5F7601-2CF2-4176-A5B2-53E24CAB0AF5}.Release|Any CPU.Build.0 = Release|Any CPU
	EndGlobalSection
	GlobalSection(SolutionProperties) = preSolution
		HideSolutionNode = FALSE
	EndGlobalSection
	GlobalSection(ExtensibilityGlobals) = postSolution
		SolutionGuid = {53823ADF-D1E6-4199-B9E9-D2201F17F989}
	EndGlobalSection
EndGlobal
